<?xml version="1.0" encoding="utf-8"?>
<Project ToolsVersion="4.0" xmlns="http://schemas.microsoft.com/developer/msbuild/2003">
  <ItemGroup>
    <ClCompile Include="Render\Camera.cpp">
      <Filter>Render</Filter>
    </ClCompile>
    <ClCompile Include="Render\Render.cpp">
      <Filter>Render</Filter>
    </ClCompile>
    <ClCompile Include="RenderUtils.cpp" />
    <ClCompile Include="main.cpp" />
    <ClCompile Include="callbacks.cpp" />
    <ClCompile Include="Particle\Particle.cpp" />
    <ClCompile Include="Particle\Projectile.cpp" />
    <ClCompile Include="Extras\Plane.cpp" />
    <ClCompile Include="Systems\ParticleSystem.cpp" />
    <ClCompile Include="Utils\BoundingBox.cpp" />
    <ClCompile Include="Generators\ParticleGenerator.cpp" />
    <ClCompile Include="Particle\Firework.cpp" />
    <ClCompile Include="Generators\ForceGenerator.cpp" />
    <ClCompile Include="Registries\ParticleForceRegistry.cpp" />
    <ClCompile Include="Systems\ProjectileSystem.cpp" />
    <ClCompile Include="Messages\Message.cpp" />
    <ClCompile Include="Extras\Sea.cpp" />
  </ItemGroup>
  <ItemGroup>
    <ClInclude Include="core.hpp" />
    <ClInclude Include="Render\Camera.h">
      <Filter>Render</Filter>
    </ClInclude>
    <ClInclude Include="Render\Render.h">
      <Filter>Render</Filter>
    </ClInclude>
    <ClInclude Include="RenderUtils.hpp" />
    <ClInclude Include="callbacks.hpp" />
    <ClInclude Include="Particle\Particle.h" />
    <ClInclude Include="checkMemoryLeaks.h" />
    <ClInclude Include="Particle\Projectile.h" />
    <ClInclude Include="Extras\Plane.h" />
    <ClInclude Include="Systems\ParticleSystem.h" />
    <ClInclude Include="Utils\BoundingBox.h" />
    <ClInclude Include="Generators\ParticleGenerator.h" />
    <ClInclude Include="Particle\Firework.h" />
    <ClInclude Include="Generators\ForceGenerator.h" />
    <ClInclude Include="Registries\ParticleForceRegistry.h" />
    <ClInclude Include="Systems\ProjectileSystem.h" />
    <ClInclude Include="Registries\BoundingBoxRegistry.h" />
    <ClInclude Include="Messages\Message.h" />
    <ClInclude Include="Extras\Sea.h" />
  </ItemGroup>
  <ItemGroup>
    <Filter Include="Render">
      <UniqueIdentifier>{d04b4f9f-5a69-465e-8070-25c6d0bcd3c2}</UniqueIdentifier>
    </Filter>
  </ItemGroup>
</Project>